
Microsoft Visual Studio Solution File, Format Version 12.00
# Visual Studio Version 17
VisualStudioVersion = 17.7.34003.232
MinimumVisualStudioVersion = 10.0.40219.1
Project("{FAE04EC0-301F-11D3-BF4B-00C04F79EFBC}") = "ArrayList", "ArrayList\ArrayList.csproj", "{006B7E22-3422-4E1F-9BF5-E5C70A24C83E}"
EndProject
Project("{FAE04EC0-301F-11D3-BF4B-00C04F79EFBC}") = "App", "App\App.csproj", "{9AD1EC21-720F-437B-976B-DF418D4D23C7}"
EndProject
Global
	GlobalSection(SolutionConfigurationPlatforms) = preSolution
		Debug|Any CPU = Debug|Any CPU
		Release|Any CPU = Release|Any CPU
	EndGlobalSection
	GlobalSection(ProjectConfigurationPlatforms) = postSolution
		{006B7E22-3422-4E1F-9BF5-E5C70A24C83E}.Debug|Any CPU.ActiveCfg = Debug|Any CPU
		{006B7E22-3422-4E1F-9BF5-E5C70A24C83E}.Debug|Any CPU.Build.0 = Debug|Any CPU
		{006B7E22-3422-4E1F-9BF5-E5C70A24C83E}.Release|Any CPU.ActiveCfg = Release|Any CPU
		{006B7E22-3422-4E1F-9BF5-E5C70A24C83E}.Release|Any CPU.Build.0 = Release|Any CPU
		{9AD1EC21-720F-437B-976B-DF418D4D23C7}.Debug|Any CPU.ActiveCfg = Debug|Any CPU
		{9AD1EC21-720F-437B-976B-DF418D4D23C7}.Debug|Any CPU.Build.0 = Debug|Any CPU
		{9AD1EC21-720F-437B-976B-DF418D4D23C7}.Release|Any CPU.ActiveCfg = Release|Any CPU
		{9AD1EC21-720F-437B-976B-DF418D4D23C7}.Release|Any CPU.Build.0 = Release|Any CPU
	EndGlobalSection
	GlobalSection(SolutionProperties) = preSolution
		HideSolutionNode = FALSE
	EndGlobalSection
	GlobalSection(ExtensibilityGlobals) = postSolution
		SolutionGuid = {D824EBD2-C16E-4D9E-B9C1-DA2E685CBA59}
	EndGlobalSection
EndGlobal
